
Microsoft Visual Studio Solution File, Format Version 12.00
# Visual Studio Version 17
VisualStudioVersion = 17.0.31903.59
MinimumVisualStudioVersion = 10.0.40219.1
Project("{2150E333-8FDC-42A3-9474-1A3956D46DE8}") = "src", "src", "{827E0CD3-B72D-47B6-A68D-7590B98EB39B}"
EndProject
Project("{FAE04EC0-301F-11D3-BF4B-00C04F79EFBC}") = "RagHub.API", "src\RagHub.API\RagHub.API.csproj", "{9E2AF3B2-5AF3-4A9D-B204-4B7DAD99DB62}"
EndProject
Project("{FAE04EC0-301F-11D3-BF4B-00C04F79EFBC}") = "RagHub.Core", "src\RagHub.Core\RagHub.Core.csproj", "{7E954368-61C5-42CE-AEB7-16C195D5CBB6}"
EndProject
Project("{FAE04EC0-301F-11D3-BF4B-00C04F79EFBC}") = "RagHub.Infrastructure", "src\RagHub.Infrastructure\RagHub.Infrastructure.csproj", "{8B32C97E-056E-4C0C-862B-9A740E2E7863}"
EndProject
Project("{FAE04EC0-301F-11D3-BF4B-00C04F79EFBC}") = "RagHub.Worker", "src\RagHub.Worker\RagHub.Worker.csproj", "{A6B5E45A-E0DE-4410-88CA-356816EA99FA}"
EndProject
Project("{FAE04EC0-301F-11D3-BF4B-00C04F79EFBC}") = "RagHub.AppHost", "src\RagHub.AppHost\RagHub.AppHost.csproj", "{AF0D1BBB-634E-467C-A43C-96A01919DE46}"
EndProject
Project("{FAE04EC0-301F-11D3-BF4B-00C04F79EFBC}") = "RagHub.ServiceDefaults", "src\RagHub.ServiceDefaults\RagHub.ServiceDefaults.csproj", "{4292D392-FB0A-4D60-B29B-ED00C1AF322B}"
EndProject
Global
	GlobalSection(SolutionConfigurationPlatforms) = preSolution
		Debug|Any CPU = Debug|Any CPU
		Debug|x64 = Debug|x64
		Debug|x86 = Debug|x86
		Release|Any CPU = Release|Any CPU
		Release|x64 = Release|x64
		Release|x86 = Release|x86
	EndGlobalSection
	GlobalSection(ProjectConfigurationPlatforms) = postSolution
		{9E2AF3B2-5AF3-4A9D-B204-4B7DAD99DB62}.Debug|Any CPU.ActiveCfg = Debug|Any CPU
		{9E2AF3B2-5AF3-4A9D-B204-4B7DAD99DB62}.Debug|Any CPU.Build.0 = Debug|Any CPU
		{9E2AF3B2-5AF3-4A9D-B204-4B7DAD99DB62}.Debug|x64.ActiveCfg = Debug|Any CPU
		{9E2AF3B2-5AF3-4A9D-B204-4B7DAD99DB62}.Debug|x64.Build.0 = Debug|Any CPU
		{9E2AF3B2-5AF3-4A9D-B204-4B7DAD99DB62}.Debug|x86.ActiveCfg = Debug|Any CPU
		{9E2AF3B2-5AF3-4A9D-B204-4B7DAD99DB62}.Debug|x86.Build.0 = Debug|Any CPU
		{9E2AF3B2-5AF3-4A9D-B204-4B7DAD99DB62}.Release|Any CPU.ActiveCfg = Release|Any CPU
		{9E2AF3B2-5AF3-4A9D-B204-4B7DAD99DB62}.Release|Any CPU.Build.0 = Release|Any CPU
		{9E2AF3B2-5AF3-4A9D-B204-4B7DAD99DB62}.Release|x64.ActiveCfg = Release|Any CPU
		{9E2AF3B2-5AF3-4A9D-B204-4B7DAD99DB62}.Release|x64.Build.0 = Release|Any CPU
		{9E2AF3B2-5AF3-4A9D-B204-4B7DAD99DB62}.Release|x86.ActiveCfg = Release|Any CPU
		{9E2AF3B2-5AF3-4A9D-B204-4B7DAD99DB62}.Release|x86.Build.0 = Release|Any CPU
		{7E954368-61C5-42CE-AEB7-16C195D5CBB6}.Debug|Any CPU.ActiveCfg = Debug|Any CPU
		{7E954368-61C5-42CE-AEB7-16C195D5CBB6}.Debug|Any CPU.Build.0 = Debug|Any CPU
		{7E954368-61C5-42CE-AEB7-16C195D5CBB6}.Debug|x64.ActiveCfg = Debug|Any CPU
		{7E954368-61C5-42CE-AEB7-16C195D5CBB6}.Debug|x64.Build.0 = Debug|Any CPU
		{7E954368-61C5-42CE-AEB7-16C195D5CBB6}.Debug|x86.ActiveCfg = Debug|Any CPU
		{7E954368-61C5-42CE-AEB7-16C195D5CBB6}.Debug|x86.Build.0 = Debug|Any CPU
		{7E954368-61C5-42CE-AEB7-16C195D5CBB6}.Release|Any CPU.ActiveCfg = Release|Any CPU
		{7E954368-61C5-42CE-AEB7-16C195D5CBB6}.Release|Any CPU.Build.0 = Release|Any CPU
		{7E954368-61C5-42CE-AEB7-16C195D5CBB6}.Release|x64.ActiveCfg = Release|Any CPU
		{7E954368-61C5-42CE-AEB7-16C195D5CBB6}.Release|x64.Build.0 = Release|Any CPU
		{7E954368-61C5-42CE-AEB7-16C195D5CBB6}.Release|x86.ActiveCfg = Release|Any CPU
		{7E954368-61C5-42CE-AEB7-16C195D5CBB6}.Release|x86.Build.0 = Release|Any CPU
		{8B32C97E-056E-4C0C-862B-9A740E2E7863}.Debug|Any CPU.ActiveCfg = Debug|Any CPU
		{8B32C97E-056E-4C0C-862B-9A740E2E7863}.Debug|Any CPU.Build.0 = Debug|Any CPU
		{8B32C97E-056E-4C0C-862B-9A740E2E7863}.Debug|x64.ActiveCfg = Debug|Any CPU
		{8B32C97E-056E-4C0C-862B-9A740E2E7863}.Debug|x64.Build.0 = Debug|Any CPU
		{8B32C97E-056E-4C0C-862B-9A740E2E7863}.Debug|x86.ActiveCfg = Debug|Any CPU
		{8B32C97E-056E-4C0C-862B-9A740E2E7863}.Debug|x86.Build.0 = Debug|Any CPU
		{8B32C97E-056E-4C0C-862B-9A740E2E7863}.Release|Any CPU.ActiveCfg = Release|Any CPU
		{8B32C97E-056E-4C0C-862B-9A740E2E7863}.Release|Any CPU.Build.0 = Release|Any CPU
		{8B32C97E-056E-4C0C-862B-9A740E2E7863}.Release|x64.ActiveCfg = Release|Any CPU
		{8B32C97E-056E-4C0C-862B-9A740E2E7863}.Release|x64.Build.0 = Release|Any CPU
		{8B32C97E-056E-4C0C-862B-9A740E2E7863}.Release|x86.ActiveCfg = Release|Any CPU
		{8B32C97E-056E-4C0C-862B-9A740E2E7863}.Release|x86.Build.0 = Release|Any CPU
		{A6B5E45A-E0DE-4410-88CA-356816EA99FA}.Debug|Any CPU.ActiveCfg = Debug|Any CPU
		{A6B5E45A-E0DE-4410-88CA-356816EA99FA}.Debug|Any CPU.Build.0 = Debug|Any CPU
		{A6B5E45A-E0DE-4410-88CA-356816EA99FA}.Debug|x64.ActiveCfg = Debug|Any CPU
		{A6B5E45A-E0DE-4410-88CA-356816EA99FA}.Debug|x64.Build.0 = Debug|Any CPU
		{A6B5E45A-E0DE-4410-88CA-356816EA99FA}.Debug|x86.ActiveCfg = Debug|Any CPU
		{A6B5E45A-E0DE-4410-88CA-356816EA99FA}.Debug|x86.Build.0 = Debug|Any CPU
		{A6B5E45A-E0DE-4410-88CA-356816EA99FA}.Release|Any CPU.ActiveCfg = Release|Any CPU
		{A6B5E45A-E0DE-4410-88CA-356816EA99FA}.Release|Any CPU.Build.0 = Release|Any CPU
		{A6B5E45A-E0DE-4410-88CA-356816EA99FA}.Release|x64.ActiveCfg = Release|Any CPU
		{A6B5E45A-E0DE-4410-88CA-356816EA99FA}.Release|x64.Build.0 = Release|Any CPU
		{A6B5E45A-E0DE-4410-88CA-356816EA99FA}.Release|x86.ActiveCfg = Release|Any CPU
		{A6B5E45A-E0DE-4410-88CA-356816EA99FA}.Release|x86.Build.0 = Release|Any CPU
		{AF0D1BBB-634E-467C-A43C-96A01919DE46}.Debug|Any CPU.ActiveCfg = Debug|Any CPU
		{AF0D1BBB-634E-467C-A43C-96A01919DE46}.Debug|Any CPU.Build.0 = Debug|Any CPU
		{AF0D1BBB-634E-467C-A43C-96A01919DE46}.Debug|x64.ActiveCfg = Debug|Any CPU
		{AF0D1BBB-634E-467C-A43C-96A01919DE46}.Debug|x64.Build.0 = Debug|Any CPU
		{AF0D1BBB-634E-467C-A43C-96A01919DE46}.Debug|x86.ActiveCfg = Debug|Any CPU
		{AF0D1BBB-634E-467C-A43C-96A01919DE46}.Debug|x86.Build.0 = Debug|Any CPU
		{AF0D1BBB-634E-467C-A43C-96A01919DE46}.Release|Any CPU.ActiveCfg = Release|Any CPU
		{AF0D1BBB-634E-467C-A43C-96A01919DE46}.Release|Any CPU.Build.0 = Release|Any CPU
		{AF0D1BBB-634E-467C-A43C-96A01919DE46}.Release|x64.ActiveCfg = Release|Any CPU
		{AF0D1BBB-634E-467C-A43C-96A01919DE46}.Release|x64.Build.0 = Release|Any CPU
		{AF0D1BBB-634E-467C-A43C-96A01919DE46}.Release|x86.ActiveCfg = Release|Any CPU
		{AF0D1BBB-634E-467C-A43C-96A01919DE46}.Release|x86.Build.0 = Release|Any CPU
		{4292D392-FB0A-4D60-B29B-ED00C1AF322B}.Debug|Any CPU.ActiveCfg = Debug|Any CPU
		{4292D392-FB0A-4D60-B29B-ED00C1AF322B}.Debug|Any CPU.Build.0 = Debug|Any CPU
		{4292D392-FB0A-4D60-B29B-ED00C1AF322B}.Debug|x64.ActiveCfg = Debug|Any CPU
		{4292D392-FB0A-4D60-B29B-ED00C1AF322B}.Debug|x64.Build.0 = Debug|Any CPU
		{4292D392-FB0A-4D60-B29B-ED00C1AF322B}.Debug|x86.ActiveCfg = Debug|Any CPU
		{4292D392-FB0A-4D60-B29B-ED00C1AF322B}.Debug|x86.Build.0 = Debug|Any CPU
		{4292D392-FB0A-4D60-B29B-ED00C1AF322B}.Release|Any CPU.ActiveCfg = Release|Any CPU
		{4292D392-FB0A-4D60-B29B-ED00C1AF322B}.Release|Any CPU.Build.0 = Release|Any CPU
		{4292D392-FB0A-4D60-B29B-ED00C1AF322B}.Release|x64.ActiveCfg = Release|Any CPU
		{4292D392-FB0A-4D60-B29B-ED00C1AF322B}.Release|x64.Build.0 = Release|Any CPU
		{4292D392-FB0A-4D60-B29B-ED00C1AF322B}.Release|x86.ActiveCfg = Release|Any CPU
		{4292D392-FB0A-4D60-B29B-ED00C1AF322B}.Release|x86.Build.0 = Release|Any CPU
	EndGlobalSection
	GlobalSection(SolutionProperties) = preSolution
		HideSolutionNode = FALSE
	EndGlobalSection
	GlobalSection(NestedProjects) = preSolution
		{9E2AF3B2-5AF3-4A9D-B204-4B7DAD99DB62} = {827E0CD3-B72D-47B6-A68D-7590B98EB39B}
		{7E954368-61C5-42CE-AEB7-16C195D5CBB6} = {827E0CD3-B72D-47B6-A68D-7590B98EB39B}
		{8B32C97E-056E-4C0C-862B-9A740E2E7863} = {827E0CD3-B72D-47B6-A68D-7590B98EB39B}
		{A6B5E45A-E0DE-4410-88CA-356816EA99FA} = {827E0CD3-B72D-47B6-A68D-7590B98EB39B}
		{AF0D1BBB-634E-467C-A43C-96A01919DE46} = {827E0CD3-B72D-47B6-A68D-7590B98EB39B}
		{4292D392-FB0A-4D60-B29B-ED00C1AF322B} = {827E0CD3-B72D-47B6-A68D-7590B98EB39B}
	EndGlobalSection
EndGlobal
